interactions:
- request:
    body: '{"identificatie": "6196daba-64d4-4286-a440-79c31bb45cbc", "bronorganisatie":
      "123456782", "informatieobjecttype": "http://host.docker.internal:8000/catalogi/api/v1/informatieobjecttypen/9aeb7501-3f77-4f36-8c8f-d21f47c2d6e8",
      "creatiedatum": "2025-08-27", "titel": "File part test", "auteur": "WOO registrations",
      "status": "definitief", "formaat": "text/plain", "taal": "dut", "bestandsnaam":
      "data.txt", "inhoud": null, "bestandsomvang": 10, "beschrijving": "", "indicatieGebruiksrecht":
      false}'
    headers:
      Accept:
      - '*/*'
      Accept-Encoding:
      - gzip, deflate
      Authorization:
      - Bearer eyJhbGciOiJIUzI1NiIsInR5cCI6IkpXVCJ9.eyJpc3MiOiJ3b28tcHVibGljYXRpb25zLWRldiIsImlhdCI6MTc1NjMwODc3NCwiZXhwIjoxNzU2MzUxOTc0LCJjbGllbnRfaWQiOiJ3b28tcHVibGljYXRpb25zLWRldiIsInVzZXJfaWQiOiIiLCJ1c2VyX3JlcHJlc2VudGF0aW9uIjoiIn0.4tdCmqsehIIgxn3hkVf_8laBcyQ4zfD9KEGVpCoiqFM
      Connection:
      - keep-alive
      Content-Length:
      - '495'
      Content-Type:
      - application/json
      User-Agent:
      - python-requests/2.32.5
    method: POST
    uri: http://openzaak.docker.internal:8001/documenten/api/v1/enkelvoudiginformatieobjecten
  response:
    body:
      string: '{"url":"http://openzaak.docker.internal:8001/documenten/api/v1/enkelvoudiginformatieobjecten/f12a1900-02b2-4158-bfa4-3d6587d465f7","identificatie":"6196daba-64d4-4286-a440-79c31bb45cbc","bronorganisatie":"123456782","creatiedatum":"2025-08-27","titel":"File
        part test","vertrouwelijkheidaanduiding":"openbaar","auteur":"WOO registrations","status":"definitief","formaat":"text/plain","taal":"dut","versie":1,"beginRegistratie":"2025-08-27T15:32:54.358731Z","bestandsnaam":"data.txt","inhoud":null,"bestandsomvang":10,"link":"","beschrijving":"","ontvangstdatum":null,"verzenddatum":null,"indicatieGebruiksrecht":false,"verschijningsvorm":"","ondertekening":{"soort":"","datum":null},"integriteit":{"algoritme":"","waarde":"","datum":null},"informatieobjecttype":"http://host.docker.internal:8000/catalogi/api/v1/informatieobjecttypen/9aeb7501-3f77-4f36-8c8f-d21f47c2d6e8","locked":true,"bestandsdelen":[{"url":"http://openzaak.docker.internal:8001/documenten/api/v1/bestandsdelen/a323438d-5e86-474d-818e-5ea6bfed0b22","volgnummer":1,"omvang":10,"voltooid":false,"lock":"ab7dfe9a0e4f4de69bf628c1f68e60f6"}],"trefwoorden":[],"lock":"ab7dfe9a0e4f4de69bf628c1f68e60f6"}'
    headers:
      API-version:
      - 1.4.2
      Allow:
      - GET, POST, HEAD, OPTIONS
      Content-Length:
      - '1165'
      Content-Security-Policy:
      - 'worker-src ''self'' blob:; img-src ''self'' data: cdn.redoc.ly cdnjs.cloudflare.com
        tile.openstreetmap.org; script-src ''self'' ''unsafe-inline'' cdnjs.cloudflare.com
        cdn.jsdelivr.net; default-src ''self''; form-action ''self''; connect-src
        ''self'' raw.githubusercontent.com; frame-src ''self''; font-src ''self''
        fonts.gstatic.com; frame-ancestors ''none''; style-src ''self'' ''unsafe-inline''
        fonts.googleapis.com cdnjs.cloudflare.com cdn.jsdelivr.net; base-uri ''self'';
        object-src ''none'''
      Content-Type:
      - application/json
      Cross-Origin-Opener-Policy:
      - same-origin
      Location:
      - http://openzaak.docker.internal:8001/documenten/api/v1/enkelvoudiginformatieobjecten/f12a1900-02b2-4158-bfa4-3d6587d465f7
      Referrer-Policy:
      - same-origin
      Vary:
      - origin
      X-Content-Type-Options:
      - nosniff
      X-Frame-Options:
      - DENY
    status:
      code: 201
      message: Created
- request:
    body: !!python/object/new:_io.BytesIO
      state: !!python/tuple
      - !!binary |
        LS1jZDRkNDQ3MTA2YTE0YzUxOGRiYTFiMTc0YTdkYzU5MA0KQ29udGVudC1EaXNwb3NpdGlvbjog
        Zm9ybS1kYXRhOyBuYW1lPSJsb2NrIg0KDQphYjdkZmU5YTBlNGY0ZGU2OWJmNjI4YzFmNjhlNjBm
        Ng0KLS1jZDRkNDQ3MTA2YTE0YzUxOGRiYTFiMTc0YTdkYzU5MA0KQ29udGVudC1EaXNwb3NpdGlv
        bjogZm9ybS1kYXRhOyBuYW1lPSJpbmhvdWQiOyBmaWxlbmFtZT0icGFydC5iaW4iDQpDb250ZW50
        LVR5cGU6IGFwcGxpY2F0aW9uL29jdGV0LXN0cmVhbQ0KDQoxMjM0NTY3ODkwDQotLWNkNGQ0NDcx
        MDZhMTRjNTE4ZGJhMWIxNzRhN2RjNTkwLS0NCg==
      - 0
      - null
    headers:
      Accept:
      - '*/*'
      Accept-Encoding:
      - gzip, deflate
      Authorization:
      - Bearer eyJhbGciOiJIUzI1NiIsInR5cCI6IkpXVCJ9.eyJpc3MiOiJ3b28tcHVibGljYXRpb25zLWRldiIsImlhdCI6MTc1NjMwODc3NCwiZXhwIjoxNzU2MzUxOTc0LCJjbGllbnRfaWQiOiJ3b28tcHVibGljYXRpb25zLWRldiIsInVzZXJfaWQiOiIiLCJ1c2VyX3JlcHJlc2VudGF0aW9uIjoiIn0.4tdCmqsehIIgxn3hkVf_8laBcyQ4zfD9KEGVpCoiqFM
      Connection:
      - keep-alive
      Content-Length:
      - '313'
      Content-Type:
      - multipart/form-data; boundary=cd4d447106a14c518dba1b174a7dc590
      User-Agent:
      - python-requests/2.32.5
    method: PUT
    uri: http://openzaak.docker.internal:8001/documenten/api/v1/bestandsdelen/a323438d-5e86-474d-818e-5ea6bfed0b22
  response:
    body:
      string: '{"url":"http://openzaak.docker.internal:8001/documenten/api/v1/bestandsdelen/a323438d-5e86-474d-818e-5ea6bfed0b22","volgnummer":1,"omvang":10,"voltooid":true,"lock":"ab7dfe9a0e4f4de69bf628c1f68e60f6"}'
    headers:
      API-version:
      - 1.4.2
      Allow:
      - PUT, OPTIONS
      Content-Length:
      - '200'
      Content-Security-Policy:
      - 'worker-src ''self'' blob:; img-src ''self'' data: cdn.redoc.ly cdnjs.cloudflare.com
        tile.openstreetmap.org; script-src ''self'' ''unsafe-inline'' cdnjs.cloudflare.com
        cdn.jsdelivr.net; default-src ''self''; form-action ''self''; connect-src
        ''self'' raw.githubusercontent.com; frame-src ''self''; font-src ''self''
        fonts.gstatic.com; frame-ancestors ''none''; style-src ''self'' ''unsafe-inline''
        fonts.googleapis.com cdnjs.cloudflare.com cdn.jsdelivr.net; base-uri ''self'';
        object-src ''none'''
      Content-Type:
      - application/json
      Cross-Origin-Opener-Policy:
      - same-origin
      Referrer-Policy:
      - same-origin
      Vary:
      - Accept, origin
      X-Content-Type-Options:
      - nosniff
      X-Frame-Options:
      - DENY
    status:
      code: 200
      message: OK
- request:
    body: '{"lock": "ab7dfe9a0e4f4de69bf628c1f68e60f6"}'
    headers:
      Accept:
      - '*/*'
      Accept-Encoding:
      - gzip, deflate
      Authorization:
      - Bearer eyJhbGciOiJIUzI1NiIsInR5cCI6IkpXVCJ9.eyJpc3MiOiJ3b28tcHVibGljYXRpb25zLWRldiIsImlhdCI6MTc1NjMwODc3NCwiZXhwIjoxNzU2MzUxOTc0LCJjbGllbnRfaWQiOiJ3b28tcHVibGljYXRpb25zLWRldiIsInVzZXJfaWQiOiIiLCJ1c2VyX3JlcHJlc2VudGF0aW9uIjoiIn0.4tdCmqsehIIgxn3hkVf_8laBcyQ4zfD9KEGVpCoiqFM
      Connection:
      - keep-alive
      Content-Length:
      - '44'
      Content-Type:
      - application/json
      User-Agent:
      - python-requests/2.32.5
    method: POST
    uri: http://openzaak.docker.internal:8001/documenten/api/v1/enkelvoudiginformatieobjecten/f12a1900-02b2-4158-bfa4-3d6587d465f7/unlock
  response:
    body:
      string: ''
    headers:
      API-version:
      - 1.4.2
      Allow:
      - POST, OPTIONS
      Content-Length:
      - '0'
      Content-Security-Policy:
      - 'worker-src ''self'' blob:; img-src ''self'' data: cdn.redoc.ly cdnjs.cloudflare.com
        tile.openstreetmap.org; script-src ''self'' ''unsafe-inline'' cdnjs.cloudflare.com
        cdn.jsdelivr.net; default-src ''self''; form-action ''self''; connect-src
        ''self'' raw.githubusercontent.com; frame-src ''self''; font-src ''self''
        fonts.gstatic.com; frame-ancestors ''none''; style-src ''self'' ''unsafe-inline''
        fonts.googleapis.com cdnjs.cloudflare.com cdn.jsdelivr.net; base-uri ''self'';
        object-src ''none'''
      Cross-Origin-Opener-Policy:
      - same-origin
      Referrer-Policy:
      - same-origin
      Vary:
      - origin
      X-Content-Type-Options:
      - nosniff
      X-Frame-Options:
      - DENY
    status:
      code: 204
      message: No Content
- request:
    body: null
    headers:
      Accept:
      - '*/*'
      Accept-Encoding:
      - gzip, deflate
      Authorization:
      - Bearer eyJhbGciOiJIUzI1NiIsInR5cCI6IkpXVCJ9.eyJpc3MiOiJ3b28tcHVibGljYXRpb25zLWRldiIsImlhdCI6MTc1NjMwODc3NCwiZXhwIjoxNzU2MzUxOTc0LCJjbGllbnRfaWQiOiJ3b28tcHVibGljYXRpb25zLWRldiIsInVzZXJfaWQiOiIiLCJ1c2VyX3JlcHJlc2VudGF0aW9uIjoiIn0.4tdCmqsehIIgxn3hkVf_8laBcyQ4zfD9KEGVpCoiqFM
      Connection:
      - keep-alive
      User-Agent:
      - python-requests/2.32.5
    method: GET
    uri: http://openzaak.docker.internal:8001/documenten/api/v1/enkelvoudiginformatieobjecten/f12a1900-02b2-4158-bfa4-3d6587d465f7
  response:
    body:
      string: '{"url":"http://openzaak.docker.internal:8001/documenten/api/v1/enkelvoudiginformatieobjecten/f12a1900-02b2-4158-bfa4-3d6587d465f7","identificatie":"6196daba-64d4-4286-a440-79c31bb45cbc","bronorganisatie":"123456782","creatiedatum":"2025-08-27","titel":"File
        part test","vertrouwelijkheidaanduiding":"openbaar","auteur":"WOO registrations","status":"definitief","formaat":"text/plain","taal":"dut","versie":1,"beginRegistratie":"2025-08-27T15:32:54.407659Z","bestandsnaam":"data.txt","inhoud":"http://openzaak.docker.internal:8001/documenten/api/v1/enkelvoudiginformatieobjecten/f12a1900-02b2-4158-bfa4-3d6587d465f7/download?versie=1","bestandsomvang":10,"link":"","beschrijving":"","ontvangstdatum":null,"verzenddatum":null,"indicatieGebruiksrecht":false,"verschijningsvorm":"","ondertekening":{"soort":"","datum":null},"integriteit":{"algoritme":"","waarde":"","datum":null},"informatieobjecttype":"http://host.docker.internal:8000/catalogi/api/v1/informatieobjecttypen/9aeb7501-3f77-4f36-8c8f-d21f47c2d6e8","locked":false,"bestandsdelen":[],"trefwoorden":[],"_expand":{}}'
    headers:
      API-version:
      - 1.4.2
      Allow:
      - GET, PUT, PATCH, DELETE, HEAD, OPTIONS
      Content-Length:
      - '1073'
      Content-Security-Policy:
      - 'worker-src ''self'' blob:; img-src ''self'' data: cdn.redoc.ly cdnjs.cloudflare.com
        tile.openstreetmap.org; script-src ''self'' ''unsafe-inline'' cdnjs.cloudflare.com
        cdn.jsdelivr.net; default-src ''self''; form-action ''self''; connect-src
        ''self'' raw.githubusercontent.com; frame-src ''self''; font-src ''self''
        fonts.gstatic.com; frame-ancestors ''none''; style-src ''self'' ''unsafe-inline''
        fonts.googleapis.com cdnjs.cloudflare.com cdn.jsdelivr.net; base-uri ''self'';
        object-src ''none'''
      Content-Type:
      - application/json
      Cross-Origin-Opener-Policy:
      - same-origin
      ETag:
      - '"9a21fc773d161293a4dcb9f15442a834"'
      Referrer-Policy:
      - same-origin
      Vary:
      - origin
      X-Content-Type-Options:
      - nosniff
      X-Frame-Options:
      - DENY
    status:
      code: 200
      message: OK
- request:
    body: null
    headers:
      Accept:
      - '*/*'
      Accept-Encoding:
      - gzip, deflate
      Authorization:
      - Bearer eyJhbGciOiJIUzI1NiIsInR5cCI6IkpXVCJ9.eyJpc3MiOiJ3b28tcHVibGljYXRpb25zLWRldiIsImlhdCI6MTc1NjMwODc3NCwiZXhwIjoxNzU2MzUxOTc0LCJjbGllbnRfaWQiOiJ3b28tcHVibGljYXRpb25zLWRldiIsInVzZXJfaWQiOiIiLCJ1c2VyX3JlcHJlc2VudGF0aW9uIjoiIn0.4tdCmqsehIIgxn3hkVf_8laBcyQ4zfD9KEGVpCoiqFM
      Connection:
      - keep-alive
      Content-Length:
      - '0'
      User-Agent:
      - python-requests/2.32.5
    method: POST
    uri: http://openzaak.docker.internal:8001/documenten/api/v1/enkelvoudiginformatieobjecten/f12a1900-02b2-4158-bfa4-3d6587d465f7/lock
  response:
    body:
      string: '{"lock":"b3938904893a470b8a1e6e6b281f64c1"}'
    headers:
      API-version:
      - 1.4.2
      Allow:
      - POST, OPTIONS
      Content-Length:
      - '43'
      Content-Security-Policy:
      - 'worker-src ''self'' blob:; img-src ''self'' data: cdn.redoc.ly cdnjs.cloudflare.com
        tile.openstreetmap.org; script-src ''self'' ''unsafe-inline'' cdnjs.cloudflare.com
        cdn.jsdelivr.net; default-src ''self''; form-action ''self''; connect-src
        ''self'' raw.githubusercontent.com; frame-src ''self''; font-src ''self''
        fonts.gstatic.com; frame-ancestors ''none''; style-src ''self'' ''unsafe-inline''
        fonts.googleapis.com cdnjs.cloudflare.com cdn.jsdelivr.net; base-uri ''self'';
        object-src ''none'''
      Content-Type:
      - application/json
      Cross-Origin-Opener-Policy:
      - same-origin
      Referrer-Policy:
      - same-origin
      Vary:
      - origin
      X-Content-Type-Options:
      - nosniff
      X-Frame-Options:
      - DENY
    status:
      code: 200
      message: OK
- request:
    body: '{"bronorganisatie": "112345670", "lock": "b3938904893a470b8a1e6e6b281f64c1"}'
    headers:
      Accept:
      - '*/*'
      Accept-Encoding:
      - gzip, deflate
      Authorization:
      - Bearer eyJhbGciOiJIUzI1NiIsInR5cCI6IkpXVCJ9.eyJpc3MiOiJ3b28tcHVibGljYXRpb25zLWRldiIsImlhdCI6MTc1NjMwODc3NCwiZXhwIjoxNzU2MzUxOTc0LCJjbGllbnRfaWQiOiJ3b28tcHVibGljYXRpb25zLWRldiIsInVzZXJfaWQiOiIiLCJ1c2VyX3JlcHJlc2VudGF0aW9uIjoiIn0.4tdCmqsehIIgxn3hkVf_8laBcyQ4zfD9KEGVpCoiqFM
      Connection:
      - keep-alive
      Content-Length:
      - '76'
      Content-Type:
      - application/json
      User-Agent:
      - python-requests/2.32.5
    method: PATCH
    uri: http://openzaak.docker.internal:8001/documenten/api/v1/enkelvoudiginformatieobjecten/f12a1900-02b2-4158-bfa4-3d6587d465f7
  response:
    body:
      string: '{"url":"http://openzaak.docker.internal:8001/documenten/api/v1/enkelvoudiginformatieobjecten/f12a1900-02b2-4158-bfa4-3d6587d465f7","identificatie":"6196daba-64d4-4286-a440-79c31bb45cbc","bronorganisatie":"112345670","creatiedatum":"2025-08-27","titel":"File
        part test","vertrouwelijkheidaanduiding":"openbaar","auteur":"WOO registrations","status":"definitief","formaat":"text/plain","taal":"dut","versie":2,"beginRegistratie":"2025-08-27T15:32:54.483310Z","bestandsnaam":"data.txt","inhoud":"http://openzaak.docker.internal:8001/documenten/api/v1/enkelvoudiginformatieobjecten/f12a1900-02b2-4158-bfa4-3d6587d465f7/download?versie=2","bestandsomvang":10,"link":"","beschrijving":"","ontvangstdatum":null,"verzenddatum":null,"indicatieGebruiksrecht":false,"verschijningsvorm":"","ondertekening":{"soort":"","datum":null},"integriteit":{"algoritme":"","waarde":"","datum":null},"informatieobjecttype":"http://host.docker.internal:8000/catalogi/api/v1/informatieobjecttypen/9aeb7501-3f77-4f36-8c8f-d21f47c2d6e8","locked":true,"bestandsdelen":[],"trefwoorden":[]}'
    headers:
      API-version:
      - 1.4.2
      Allow:
      - GET, PUT, PATCH, DELETE, HEAD, OPTIONS
      Content-Length:
      - '1059'
      Content-Security-Policy:
      - 'worker-src ''self'' blob:; img-src ''self'' data: cdn.redoc.ly cdnjs.cloudflare.com
        tile.openstreetmap.org; script-src ''self'' ''unsafe-inline'' cdnjs.cloudflare.com
        cdn.jsdelivr.net; default-src ''self''; form-action ''self''; connect-src
        ''self'' raw.githubusercontent.com; frame-src ''self''; font-src ''self''
        fonts.gstatic.com; frame-ancestors ''none''; style-src ''self'' ''unsafe-inline''
        fonts.googleapis.com cdnjs.cloudflare.com cdn.jsdelivr.net; base-uri ''self'';
        object-src ''none'''
      Content-Type:
      - application/json
      Cross-Origin-Opener-Policy:
      - same-origin
      Referrer-Policy:
      - same-origin
      Vary:
      - origin
      X-Content-Type-Options:
      - nosniff
      X-Frame-Options:
      - DENY
    status:
      code: 200
      message: OK
- request:
    body: '{"lock": "b3938904893a470b8a1e6e6b281f64c1"}'
    headers:
      Accept:
      - '*/*'
      Accept-Encoding:
      - gzip, deflate
      Authorization:
      - Bearer eyJhbGciOiJIUzI1NiIsInR5cCI6IkpXVCJ9.eyJpc3MiOiJ3b28tcHVibGljYXRpb25zLWRldiIsImlhdCI6MTc1NjMwODc3NCwiZXhwIjoxNzU2MzUxOTc0LCJjbGllbnRfaWQiOiJ3b28tcHVibGljYXRpb25zLWRldiIsInVzZXJfaWQiOiIiLCJ1c2VyX3JlcHJlc2VudGF0aW9uIjoiIn0.4tdCmqsehIIgxn3hkVf_8laBcyQ4zfD9KEGVpCoiqFM
      Connection:
      - keep-alive
      Content-Length:
      - '44'
      Content-Type:
      - application/json
      User-Agent:
      - python-requests/2.32.5
    method: POST
    uri: http://openzaak.docker.internal:8001/documenten/api/v1/enkelvoudiginformatieobjecten/f12a1900-02b2-4158-bfa4-3d6587d465f7/unlock
  response:
    body:
      string: ''
    headers:
      API-version:
      - 1.4.2
      Allow:
      - POST, OPTIONS
      Content-Length:
      - '0'
      Content-Security-Policy:
      - 'worker-src ''self'' blob:; img-src ''self'' data: cdn.redoc.ly cdnjs.cloudflare.com
        tile.openstreetmap.org; script-src ''self'' ''unsafe-inline'' cdnjs.cloudflare.com
        cdn.jsdelivr.net; default-src ''self''; form-action ''self''; connect-src
        ''self'' raw.githubusercontent.com; frame-src ''self''; font-src ''self''
        fonts.gstatic.com; frame-ancestors ''none''; style-src ''self'' ''unsafe-inline''
        fonts.googleapis.com cdnjs.cloudflare.com cdn.jsdelivr.net; base-uri ''self'';
        object-src ''none'''
      Cross-Origin-Opener-Policy:
      - same-origin
      Referrer-Policy:
      - same-origin
      Vary:
      - origin
      X-Content-Type-Options:
      - nosniff
      X-Frame-Options:
      - DENY
    status:
      code: 204
      message: No Content
- request:
    body: null
    headers:
      Accept:
      - '*/*'
      Accept-Encoding:
      - gzip, deflate
      Authorization:
      - Bearer eyJhbGciOiJIUzI1NiIsInR5cCI6IkpXVCJ9.eyJpc3MiOiJ3b28tcHVibGljYXRpb25zLWRldiIsImlhdCI6MTc1NjMwODc3NCwiZXhwIjoxNzU2MzUxOTc0LCJjbGllbnRfaWQiOiJ3b28tcHVibGljYXRpb25zLWRldiIsInVzZXJfaWQiOiIiLCJ1c2VyX3JlcHJlc2VudGF0aW9uIjoiIn0.4tdCmqsehIIgxn3hkVf_8laBcyQ4zfD9KEGVpCoiqFM
      Connection:
      - keep-alive
      User-Agent:
      - python-requests/2.32.5
    method: GET
    uri: http://openzaak.docker.internal:8001/documenten/api/v1/enkelvoudiginformatieobjecten/f12a1900-02b2-4158-bfa4-3d6587d465f7
  response:
    body:
      string: '{"url":"http://openzaak.docker.internal:8001/documenten/api/v1/enkelvoudiginformatieobjecten/f12a1900-02b2-4158-bfa4-3d6587d465f7","identificatie":"6196daba-64d4-4286-a440-79c31bb45cbc","bronorganisatie":"112345670","creatiedatum":"2025-08-27","titel":"File
        part test","vertrouwelijkheidaanduiding":"openbaar","auteur":"WOO registrations","status":"definitief","formaat":"text/plain","taal":"dut","versie":2,"beginRegistratie":"2025-08-27T15:32:54.483310Z","bestandsnaam":"data.txt","inhoud":"http://openzaak.docker.internal:8001/documenten/api/v1/enkelvoudiginformatieobjecten/f12a1900-02b2-4158-bfa4-3d6587d465f7/download?versie=2","bestandsomvang":10,"link":"","beschrijving":"","ontvangstdatum":null,"verzenddatum":null,"indicatieGebruiksrecht":false,"verschijningsvorm":"","ondertekening":{"soort":"","datum":null},"integriteit":{"algoritme":"","waarde":"","datum":null},"informatieobjecttype":"http://host.docker.internal:8000/catalogi/api/v1/informatieobjecttypen/9aeb7501-3f77-4f36-8c8f-d21f47c2d6e8","locked":false,"bestandsdelen":[],"trefwoorden":[],"_expand":{}}'
    headers:
      API-version:
      - 1.4.2
      Allow:
      - GET, PUT, PATCH, DELETE, HEAD, OPTIONS
      Content-Length:
      - '1073'
      Content-Security-Policy:
      - 'worker-src ''self'' blob:; img-src ''self'' data: cdn.redoc.ly cdnjs.cloudflare.com
        tile.openstreetmap.org; script-src ''self'' ''unsafe-inline'' cdnjs.cloudflare.com
        cdn.jsdelivr.net; default-src ''self''; form-action ''self''; connect-src
        ''self'' raw.githubusercontent.com; frame-src ''self''; font-src ''self''
        fonts.gstatic.com; frame-ancestors ''none''; style-src ''self'' ''unsafe-inline''
        fonts.googleapis.com cdnjs.cloudflare.com cdn.jsdelivr.net; base-uri ''self'';
        object-src ''none'''
      Content-Type:
      - application/json
      Cross-Origin-Opener-Policy:
      - same-origin
      ETag:
      - '"f4e318766e981962a41ca8cc780455cd"'
      Referrer-Policy:
      - same-origin
      Vary:
      - origin
      X-Content-Type-Options:
      - nosniff
      X-Frame-Options:
      - DENY
    status:
      code: 200
      message: OK
version: 1
